
Microsoft Visual Studio Solution File, Format Version 12.00
# Visual Studio Version 16
VisualStudioVersion = 16.0.30907.101
MinimumVisualStudioVersion = 10.0.40219.1
Project("{FAE04EC0-301F-11D3-BF4B-00C04F79EFBC}") = "LoginUsingMicrosoftIdentity", "LoginUsingMicrosoftIdentity\LoginUsingMicrosoftIdentity.csproj", "{2C264C99-E943-41FE-9C9D-D55115B0EA0C}"
EndProject
Project("{FAE04EC0-301F-11D3-BF4B-00C04F79EFBC}") = "Domain", "Domain\Domain.csproj", "{9591E2A6-926A-4451-9141-F9E343DC4232}"
EndProject
Global
	GlobalSection(SolutionConfigurationPlatforms) = preSolution
		Debug|Any CPU = Debug|Any CPU
		Release|Any CPU = Release|Any CPU
	EndGlobalSection
	GlobalSection(ProjectConfigurationPlatforms) = postSolution
		{2C264C99-E943-41FE-9C9D-D55115B0EA0C}.Debug|Any CPU.ActiveCfg = Debug|Any CPU
		{2C264C99-E943-41FE-9C9D-D55115B0EA0C}.Debug|Any CPU.Build.0 = Debug|Any CPU
		{2C264C99-E943-41FE-9C9D-D55115B0EA0C}.Release|Any CPU.ActiveCfg = Release|Any CPU
		{2C264C99-E943-41FE-9C9D-D55115B0EA0C}.Release|Any CPU.Build.0 = Release|Any CPU
		{9591E2A6-926A-4451-9141-F9E343DC4232}.Debug|Any CPU.ActiveCfg = Debug|Any CPU
		{9591E2A6-926A-4451-9141-F9E343DC4232}.Debug|Any CPU.Build.0 = Debug|Any CPU
		{9591E2A6-926A-4451-9141-F9E343DC4232}.Release|Any CPU.ActiveCfg = Release|Any CPU
		{9591E2A6-926A-4451-9141-F9E343DC4232}.Release|Any CPU.Build.0 = Release|Any CPU
	EndGlobalSection
	GlobalSection(SolutionProperties) = preSolution
		HideSolutionNode = FALSE
	EndGlobalSection
	GlobalSection(ExtensibilityGlobals) = postSolution
		SolutionGuid = {668C871C-D7A0-4EDA-944D-B6F41AFB3920}
	EndGlobalSection
EndGlobal
